
Microsoft Visual Studio Solution File, Format Version 12.00
# Visual Studio 15
VisualStudioVersion = 15.0.27130.2036
MinimumVisualStudioVersion = 15.0.26228.4
Project("{2150E333-8FDC-42A3-9474-1A3956D46DE8}") = "Infra", "Infra", "{F9BA869A-7D5F-420F-9505-2D881F7934A7}"
EndProject
Project("{9A19103F-16F7-4668-BE54-9A1E7A4F7556}") = "Microsoft.Extensions.HealthChecks", "src\Microsoft.Extensions.HealthChecks\Microsoft.Extensions.HealthChecks.csproj", "{26A77B9A-5599-4BBA-8C5C-90DF1A4F4558}"
EndProject
Project("{9A19103F-16F7-4668-BE54-9A1E7A4F7556}") = "Microsoft.Extensions.HealthChecks.SqlServer", "src\Microsoft.Extensions.HealthChecks.SqlServer\Microsoft.Extensions.HealthChecks.SqlServer.csproj", "{13BE838A-200B-4A68-8F58-3EA3BE3A1A8A}"
EndProject
Project("{9A19103F-16F7-4668-BE54-9A1E7A4F7556}") = "Microsoft.AspNet.HealthChecks", "src\Microsoft.AspNet.HealthChecks\Microsoft.AspNet.HealthChecks.csproj", "{2AE82E1C-6CE1-4755-A332-FA359B7CCE72}"
EndProject
Project("{9A19103F-16F7-4668-BE54-9A1E7A4F7556}") = "Microsoft.Extensions.HealthChecks.Oracle", "src\Microsoft.Extensions.HealthChecks.Oracle\Microsoft.Extensions.HealthChecks.Oracle.csproj", "{BC92DEB8-412C-4B69-9426-8DA179081161}"
EndProject
Project("{2150E333-8FDC-42A3-9474-1A3956D46DE8}") = "Service", "Service", "{89FF3F16-8DED-421E-A172-FC7F61BFD314}"
EndProject
Global
	GlobalSection(SolutionConfigurationPlatforms) = preSolution
		Debug|Any CPU = Debug|Any CPU
		Debug|x64 = Debug|x64
		Release|Any CPU = Release|Any CPU
		Release|x64 = Release|x64
	EndGlobalSection
	GlobalSection(ProjectConfigurationPlatforms) = postSolution
		{26A77B9A-5599-4BBA-8C5C-90DF1A4F4558}.Debug|Any CPU.ActiveCfg = Debug|x64
		{26A77B9A-5599-4BBA-8C5C-90DF1A4F4558}.Debug|x64.ActiveCfg = Debug|x64
		{26A77B9A-5599-4BBA-8C5C-90DF1A4F4558}.Debug|x64.Build.0 = Debug|x64
		{26A77B9A-5599-4BBA-8C5C-90DF1A4F4558}.Release|Any CPU.ActiveCfg = Release|x64
		{26A77B9A-5599-4BBA-8C5C-90DF1A4F4558}.Release|x64.ActiveCfg = Release|x64
		{26A77B9A-5599-4BBA-8C5C-90DF1A4F4558}.Release|x64.Build.0 = Release|x64
		{13BE838A-200B-4A68-8F58-3EA3BE3A1A8A}.Debug|Any CPU.ActiveCfg = Debug|x64
		{13BE838A-200B-4A68-8F58-3EA3BE3A1A8A}.Debug|x64.ActiveCfg = Debug|x64
		{13BE838A-200B-4A68-8F58-3EA3BE3A1A8A}.Debug|x64.Build.0 = Debug|x64
		{13BE838A-200B-4A68-8F58-3EA3BE3A1A8A}.Release|Any CPU.ActiveCfg = Release|x64
		{13BE838A-200B-4A68-8F58-3EA3BE3A1A8A}.Release|x64.ActiveCfg = Release|x64
		{13BE838A-200B-4A68-8F58-3EA3BE3A1A8A}.Release|x64.Build.0 = Release|x64
		{2AE82E1C-6CE1-4755-A332-FA359B7CCE72}.Debug|Any CPU.ActiveCfg = Debug|x64
		{2AE82E1C-6CE1-4755-A332-FA359B7CCE72}.Debug|x64.ActiveCfg = Debug|x64
		{2AE82E1C-6CE1-4755-A332-FA359B7CCE72}.Debug|x64.Build.0 = Debug|x64
		{2AE82E1C-6CE1-4755-A332-FA359B7CCE72}.Release|Any CPU.ActiveCfg = Release|x64
		{2AE82E1C-6CE1-4755-A332-FA359B7CCE72}.Release|x64.ActiveCfg = Release|x64
		{2AE82E1C-6CE1-4755-A332-FA359B7CCE72}.Release|x64.Build.0 = Release|x64
		{BC92DEB8-412C-4B69-9426-8DA179081161}.Debug|Any CPU.ActiveCfg = Debug|x64
		{BC92DEB8-412C-4B69-9426-8DA179081161}.Debug|x64.ActiveCfg = Debug|x64
		{BC92DEB8-412C-4B69-9426-8DA179081161}.Debug|x64.Build.0 = Debug|x64
		{BC92DEB8-412C-4B69-9426-8DA179081161}.Release|Any CPU.ActiveCfg = Release|x64
		{BC92DEB8-412C-4B69-9426-8DA179081161}.Release|x64.ActiveCfg = Release|x64
		{BC92DEB8-412C-4B69-9426-8DA179081161}.Release|x64.Build.0 = Release|x64
	EndGlobalSection
	GlobalSection(SolutionProperties) = preSolution
		HideSolutionNode = FALSE
	EndGlobalSection
	GlobalSection(NestedProjects) = preSolution
		{26A77B9A-5599-4BBA-8C5C-90DF1A4F4558} = {F9BA869A-7D5F-420F-9505-2D881F7934A7}
		{13BE838A-200B-4A68-8F58-3EA3BE3A1A8A} = {F9BA869A-7D5F-420F-9505-2D881F7934A7}
		{2AE82E1C-6CE1-4755-A332-FA359B7CCE72} = {89FF3F16-8DED-421E-A172-FC7F61BFD314}
		{BC92DEB8-412C-4B69-9426-8DA179081161} = {F9BA869A-7D5F-420F-9505-2D881F7934A7}
	EndGlobalSection
	GlobalSection(ExtensibilityGlobals) = postSolution
		SolutionGuid = {2B2B6EDE-5ACC-4EBA-868C-6D841B8B242B}
	EndGlobalSection
EndGlobal
